{
  "name": "renovate-service",
  "lockfileVersion": 3,
  "requires": true,
  "packages": {
    "": {
      "name": "renovate-service",
      "dependencies": {
        "is-arrayish": "^0.3.0",
        "isarray": "2.0.0"
      }
    },
    "node_modules/is-arrayish": {
      "version": "0.3.0",
      "resolved": "https://registry.npmjs.org/is-arrayish/-/is-arrayish-0.3.0.tgz",
      "integrity": "sha512-Imk5Fum4eMP54iAB7c/JdxJ5FPs6oJ50/I6ZySucMiUnwH0LREd86fmqkj1XgwEgBDct1NdQbndq2zoWk7cd7Q==",
      "license": "MIT"
    },
    "node_modules/isarray": {
      "version": "2.0.0",
      "resolved": "https://registry.npmjs.org/isarray/-/isarray-2.0.0.tgz",
      "integrity": "sha512-+7GtYSNjbLkjIGQy5ucmTjyY9ANbbW77DOT6nbQN4ZDo3CnST3HtjnGowbi+NF2pCPCba1rLO9qLlrFBsvDeew==",
      "license": "MIT"
    }
  }
}
