# This file is generated by running "yarn install" inside your project.
# Manual changes might be lost - proceed with caution!

__metadata:
  version: 6
  cacheKey: 8

"@types/node@npm:^20.3.2":
  version: 20.10.5
  resolution: "@types/node@npm:20.10.5"
  dependencies:
    undici-types: ~5.26.4
  checksum: e216b679f545a8356960ce985a0e53c3a58fff0eacd855e180b9e223b8db2b5bd07b744a002b8c1f0c37f9194648ab4578533b5c12df2ec10cc02f61d20948d2
  languageName: node
  linkType: hard

"isarray@npm:2.0.0":
  version: 2.0.0
  resolution: "isarray@npm:2.0.0"
  checksum: ff97cb1d8cfa9cbe2cdd033e607c53d69a39df76027b8525a0bf4e59a8dba50e3c8141c35c8305c1334f521e7ff5aa95b071de2c84a83b2973928210877aa544
  languageName: node
  linkType: hard

"renovate-service@workspace:.":
  version: 0.0.0-use.local
  resolution: "renovate-service@workspace:."
  dependencies:
    "@types/node": ^20.3.2
    isarray: 2.0.0
  languageName: unknown
  linkType: soft

"undici-types@npm:~5.26.4":
  version: 5.26.5
  resolution: "undici-types@npm:5.26.5"
  checksum: 3192ef6f3fd5df652f2dc1cd782b49d6ff14dc98e5dced492aa8a8c65425227da5da6aafe22523c67f035a272c599bb89cfe803c1db6311e44bed3042fc25487
  languageName: node
  linkType: hard
